// !$*UTF8*$!
{
	archiveVersion = 1;
	classes = {
	};
	objectVersion = 50;
	objects = {

/* Begin PBXBuildFile section */
		4F5B607C2614DDAA001F482A /* MainViewModel.m in Sources */ = {isa = PBXBuildFile; fileRef = 4F5B607B2614DDAA001F482A /* MainViewModel.m */; };
		4F5B60802614EC37001F482A /* MainResultIem.m in Sources */ = {isa = PBXBuildFile; fileRef = 4F5B607F2614EC37001F482A /* MainResultIem.m */; };
		4F6CDC662614B75A00F3D80E /* ShareViewController.m in Sources */ = {isa = PBXBuildFile; fileRef = 4F6CDC652614B75A00F3D80E /* ShareViewController.m */; };
		4F6CDC6D2614B75A00F3D80E /* YTPIPHelperShareExtension.appex in Embed App Extensions */ = {isa = PBXBuildFile; fileRef = 4F6CDC622614B75A00F3D80E /* YTPIPHelperShareExtension.appex */; settings = {ATTRIBUTES = (RemoveHeadersOnCopy, ); }; };
		F3DCEB512612131B00980044 /* AppDelegate.m in Sources */ = {isa = PBXBuildFile; fileRef = F3DCEB502612131B00980044 /* AppDelegate.m */; };
		F3DCEB542612131B00980044 /* SceneDelegate.m in Sources */ = {isa = PBXBuildFile; fileRef = F3DCEB532612131B00980044 /* SceneDelegate.m */; };
		F3DCEB5C2612131C00980044 /* Assets.xcassets in Resources */ = {isa = PBXBuildFile; fileRef = F3DCEB5B2612131C00980044 /* Assets.xcassets */; };
		F3DCEB622612131C00980044 /* main.m in Sources */ = {isa = PBXBuildFile; fileRef = F3DCEB612612131C00980044 /* main.m */; };
		F3DCEB6A2612175B00980044 /* MainViewController.m in Sources */ = {isa = PBXBuildFile; fileRef = F3DCEB692612175B00980044 /* MainViewController.m */; };
		F3DCEB6D26121B1E00980044 /* VideoInfoService.m in Sources */ = {isa = PBXBuildFile; fileRef = F3DCEB6C26121B1E00980044 /* VideoInfoService.m */; };
		F3DCEB7326122CEE00980044 /* UIViewController+Category.m in Sources */ = {isa = PBXBuildFile; fileRef = F3DCEB7226122CEE00980044 /* UIViewController+Category.m */; };
/* End PBXBuildFile section */

/* Begin PBXContainerItemProxy section */
		4F6CDC6B2614B75A00F3D80E /* PBXContainerItemProxy */ = {
			isa = PBXContainerItemProxy;
			containerPortal = F3DCEB442612131A00980044 /* Project object */;
			proxyType = 1;
			remoteGlobalIDString = 4F6CDC612614B75A00F3D80E;
			remoteInfo = YTPIPHelperShareExtension;
		};
/* End PBXContainerItemProxy section */

/* Begin PBXCopyFilesBuildPhase section */
		4F6CDC6E2614B75A00F3D80E /* Embed App Extensions */ = {
			isa = PBXCopyFilesBuildPhase;
			buildActionMask = 2147483647;
			dstPath = "";
			dstSubfolderSpec = 13;
			files = (
				4F6CDC6D2614B75A00F3D80E /* YTPIPHelperShareExtension.appex in Embed App Extensions */,
			);
			name = "Embed App Extensions";
			runOnlyForDeploymentPostprocessing = 0;
		};
/* End PBXCopyFilesBuildPhase section */

/* Begin PBXFileReference section */
		4F5B607A2614DDAA001F482A /* MainViewModel.h */ = {isa = PBXFileReference; lastKnownFileType = sourcecode.c.h; path = MainViewModel.h; sourceTree = "<group>"; };
		4F5B607B2614DDAA001F482A /* MainViewModel.m */ = {isa = PBXFileReference; lastKnownFileType = sourcecode.c.objc; path = MainViewModel.m; sourceTree = "<group>"; };
		4F5B607E2614EC37001F482A /* MainResultIem.h */ = {isa = PBXFileReference; lastKnownFileType = sourcecode.c.h; path = MainResultIem.h; sourceTree = "<group>"; };
		4F5B607F2614EC37001F482A /* MainResultIem.m */ = {isa = PBXFileReference; lastKnownFileType = sourcecode.c.objc; path = MainResultIem.m; sourceTree = "<group>"; };
		4F6CDC622614B75A00F3D80E /* YTPIPHelperShareExtension.appex */ = {isa = PBXFileReference; explicitFileType = "wrapper.app-extension"; includeInIndex = 0; path = YTPIPHelperShareExtension.appex; sourceTree = BUILT_PRODUCTS_DIR; };
		4F6CDC642614B75A00F3D80E /* ShareViewController.h */ = {isa = PBXFileReference; lastKnownFileType = sourcecode.c.h; path = ShareViewController.h; sourceTree = "<group>"; };
		4F6CDC652614B75A00F3D80E /* ShareViewController.m */ = {isa = PBXFileReference; lastKnownFileType = sourcecode.c.objc; path = ShareViewController.m; sourceTree = "<group>"; };
		4F6CDC6A2614B75A00F3D80E /* Info.plist */ = {isa = PBXFileReference; lastKnownFileType = text.plist.xml; path = Info.plist; sourceTree = "<group>"; };
		F3DCEB4C2612131B00980044 /* YTPIPHelper.app */ = {isa = PBXFileReference; explicitFileType = wrapper.application; includeInIndex = 0; path = YTPIPHelper.app; sourceTree = BUILT_PRODUCTS_DIR; };
		F3DCEB4F2612131B00980044 /* AppDelegate.h */ = {isa = PBXFileReference; lastKnownFileType = sourcecode.c.h; path = AppDelegate.h; sourceTree = "<group>"; };
		F3DCEB502612131B00980044 /* AppDelegate.m */ = {isa = PBXFileReference; lastKnownFileType = sourcecode.c.objc; path = AppDelegate.m; sourceTree = "<group>"; };
		F3DCEB522612131B00980044 /* SceneDelegate.h */ = {isa = PBXFileReference; lastKnownFileType = sourcecode.c.h; path = SceneDelegate.h; sourceTree = "<group>"; };
		F3DCEB532612131B00980044 /* SceneDelegate.m */ = {isa = PBXFileReference; lastKnownFileType = sourcecode.c.objc; path = SceneDelegate.m; sourceTree = "<group>"; };
		F3DCEB5B2612131C00980044 /* Assets.xcassets */ = {isa = PBXFileReference; lastKnownFileType = folder.assetcatalog; path = Assets.xcassets; sourceTree = "<group>"; };
		F3DCEB602612131C00980044 /* Info.plist */ = {isa = PBXFileReference; lastKnownFileType = text.plist.xml; path = Info.plist; sourceTree = "<group>"; };
		F3DCEB612612131C00980044 /* main.m */ = {isa = PBXFileReference; lastKnownFileType = sourcecode.c.objc; path = main.m; sourceTree = "<group>"; };
		F3DCEB682612175B00980044 /* MainViewController.h */ = {isa = PBXFileReference; lastKnownFileType = sourcecode.c.h; path = MainViewController.h; sourceTree = "<group>"; };
		F3DCEB692612175B00980044 /* MainViewController.m */ = {isa = PBXFileReference; lastKnownFileType = sourcecode.c.objc; path = MainViewController.m; sourceTree = "<group>"; };
		F3DCEB6B26121B1E00980044 /* VideoInfoService.h */ = {isa = PBXFileReference; lastKnownFileType = sourcecode.c.h; path = VideoInfoService.h; sourceTree = "<group>"; };
		F3DCEB6C26121B1E00980044 /* VideoInfoService.m */ = {isa = PBXFileReference; lastKnownFileType = sourcecode.c.objc; path = VideoInfoService.m; sourceTree = "<group>"; };
		F3DCEB7126122CED00980044 /* UIViewController+Category.h */ = {isa = PBXFileReference; lastKnownFileType = sourcecode.c.h; path = "UIViewController+Category.h"; sourceTree = "<group>"; };
		F3DCEB7226122CEE00980044 /* UIViewController+Category.m */ = {isa = PBXFileReference; lastKnownFileType = sourcecode.c.objc; path = "UIViewController+Category.m"; sourceTree = "<group>"; };
/* End PBXFileReference section */

/* Begin PBXFrameworksBuildPhase section */
		4F6CDC5F2614B75A00F3D80E /* Frameworks */ = {
			isa = PBXFrameworksBuildPhase;
			buildActionMask = 2147483647;
			files = (
			);
			runOnlyForDeploymentPostprocessing = 0;
		};
		F3DCEB492612131B00980044 /* Frameworks */ = {
			isa = PBXFrameworksBuildPhase;
			buildActionMask = 2147483647;
			files = (
			);
			runOnlyForDeploymentPostprocessing = 0;
		};
/* End PBXFrameworksBuildPhase section */

/* Begin PBXGroup section */
		4F5B60752614DD2F001F482A /* Category */ = {
			isa = PBXGroup;
			children = (
				F3DCEB7126122CED00980044 /* UIViewController+Category.h */,
				F3DCEB7226122CEE00980044 /* UIViewController+Category.m */,
			);
			path = Category;
			sourceTree = "<group>";
		};
		4F5B60762614DD3E001F482A /* View */ = {
			isa = PBXGroup;
			children = (
				F3DCEB682612175B00980044 /* MainViewController.h */,
				F3DCEB692612175B00980044 /* MainViewController.m */,
			);
			path = View;
			sourceTree = "<group>";
		};
		4F5B60772614DD58001F482A /* Supporting */ = {
			isa = PBXGroup;
			children = (
				F3DCEB5B2612131C00980044 /* Assets.xcassets */,
				F3DCEB4F2612131B00980044 /* AppDelegate.h */,
				F3DCEB502612131B00980044 /* AppDelegate.m */,
				F3DCEB522612131B00980044 /* SceneDelegate.h */,
				F3DCEB532612131B00980044 /* SceneDelegate.m */,
			);
			path = Supporting;
			sourceTree = "<group>";
		};
		4F5B60782614DD82001F482A /* ViewModel */ = {
			isa = PBXGroup;
			children = (
				4F5B607A2614DDAA001F482A /* MainViewModel.h */,
				4F5B607B2614DDAA001F482A /* MainViewModel.m */,
			);
			path = ViewModel;
			sourceTree = "<group>";
		};
		4F5B60792614DD8D001F482A /* Model */ = {
			isa = PBXGroup;
			children = (
				F3DCEB6B26121B1E00980044 /* VideoInfoService.h */,
				F3DCEB6C26121B1E00980044 /* VideoInfoService.m */,
			);
			path = Model;
			sourceTree = "<group>";
		};
		4F5B607D2614EC1F001F482A /* Entity */ = {
			isa = PBXGroup;
			children = (
				4F5B607E2614EC37001F482A /* MainResultIem.h */,
				4F5B607F2614EC37001F482A /* MainResultIem.m */,
			);
			path = Entity;
			sourceTree = "<group>";
		};
		4F6CDC632614B75A00F3D80E /* YTPIPHelperShareExtension */ = {
			isa = PBXGroup;
			children = (
				4F6CDC642614B75A00F3D80E /* ShareViewController.h */,
				4F6CDC652614B75A00F3D80E /* ShareViewController.m */,
				4F6CDC6A2614B75A00F3D80E /* Info.plist */,
			);
			path = YTPIPHelperShareExtension;
			sourceTree = "<group>";
		};
		F3DCEB432612131A00980044 = {
			isa = PBXGroup;
			children = (
				F3DCEB4E2612131B00980044 /* YTPIPHelper */,
				4F6CDC632614B75A00F3D80E /* YTPIPHelperShareExtension */,
				F3DCEB4D2612131B00980044 /* Products */,
			);
			sourceTree = "<group>";
		};
		F3DCEB4D2612131B00980044 /* Products */ = {
			isa = PBXGroup;
			children = (
				F3DCEB4C2612131B00980044 /* YTPIPHelper.app */,
				4F6CDC622614B75A00F3D80E /* YTPIPHelperShareExtension.appex */,
			);
			name = Products;
			sourceTree = "<group>";
		};
		F3DCEB4E2612131B00980044 /* YTPIPHelper */ = {
			isa = PBXGroup;
			children = (
				4F5B60772614DD58001F482A /* Supporting */,
				4F5B60752614DD2F001F482A /* Category */,
				4F5B60762614DD3E001F482A /* View */,
				4F5B60782614DD82001F482A /* ViewModel */,
				4F5B60792614DD8D001F482A /* Model */,
				4F5B607D2614EC1F001F482A /* Entity */,
				F3DCEB602612131C00980044 /* Info.plist */,
				F3DCEB612612131C00980044 /* main.m */,
			);
			path = YTPIPHelper;
			sourceTree = "<group>";
		};
/* End PBXGroup section */

/* Begin PBXNativeTarget section */
		4F6CDC612614B75A00F3D80E /* YTPIPHelperShareExtension */ = {
			isa = PBXNativeTarget;
			buildConfigurationList = 4F6CDC712614B75A00F3D80E /* Build configuration list for PBXNativeTarget "YTPIPHelperShareExtension" */;
			buildPhases = (
				4F6CDC5E2614B75A00F3D80E /* Sources */,
				4F6CDC5F2614B75A00F3D80E /* Frameworks */,
				4F6CDC602614B75A00F3D80E /* Resources */,
			);
			buildRules = (
			);
			dependencies = (
			);
			name = YTPIPHelperShareExtension;
			productName = YTPIPHelperShareExtension;
			productReference = 4F6CDC622614B75A00F3D80E /* YTPIPHelperShareExtension.appex */;
			productType = "com.apple.product-type.app-extension";
		};
		F3DCEB4B2612131B00980044 /* YTPIPHelper */ = {
			isa = PBXNativeTarget;
			buildConfigurationList = F3DCEB652612131C00980044 /* Build configuration list for PBXNativeTarget "YTPIPHelper" */;
			buildPhases = (
				F3DCEB482612131B00980044 /* Sources */,
				F3DCEB492612131B00980044 /* Frameworks */,
				F3DCEB4A2612131B00980044 /* Resources */,
				4F6CDC6E2614B75A00F3D80E /* Embed App Extensions */,
			);
			buildRules = (
			);
			dependencies = (
				4F6CDC6C2614B75A00F3D80E /* PBXTargetDependency */,
			);
			name = YTPIPHelper;
			productName = YTPIPHelper;
			productReference = F3DCEB4C2612131B00980044 /* YTPIPHelper.app */;
			productType = "com.apple.product-type.application";
		};
/* End PBXNativeTarget section */

/* Begin PBXProject section */
		F3DCEB442612131A00980044 /* Project object */ = {
			isa = PBXProject;
			attributes = {
				LastUpgradeCheck = 1250;
				TargetAttributes = {
					4F6CDC612614B75A00F3D80E = {
						CreatedOnToolsVersion = 12.5;
					};
					F3DCEB4B2612131B00980044 = {
						CreatedOnToolsVersion = 12.5;
					};
				};
			};
			buildConfigurationList = F3DCEB472612131A00980044 /* Build configuration list for PBXProject "YTPIPHelper" */;
			compatibilityVersion = "Xcode 9.3";
			developmentRegion = en;
			hasScannedForEncodings = 0;
			knownRegions = (
				en,
				Base,
			);
			mainGroup = F3DCEB432612131A00980044;
			productRefGroup = F3DCEB4D2612131B00980044 /* Products */;
			projectDirPath = "";
			projectRoot = "";
			targets = (
				F3DCEB4B2612131B00980044 /* YTPIPHelper */,
				4F6CDC612614B75A00F3D80E /* YTPIPHelperShareExtension */,
			);
		};
/* End PBXProject section */

/* Begin PBXResourcesBuildPhase section */
		4F6CDC602614B75A00F3D80E /* Resources */ = {
			isa = PBXResourcesBuildPhase;
			buildActionMask = 2147483647;
			files = (
			);
			runOnlyForDeploymentPostprocessing = 0;
		};
		F3DCEB4A2612131B00980044 /* Resources */ = {
			isa = PBXResourcesBuildPhase;
			buildActionMask = 2147483647;
			files = (
				F3DCEB5C2612131C00980044 /* Assets.xcassets in Resources */,
			);
			runOnlyForDeploymentPostprocessing = 0;
		};
/* End PBXResourcesBuildPhase section */

/* Begin PBXSourcesBuildPhase section */
		4F6CDC5E2614B75A00F3D80E /* Sources */ = {
			isa = PBXSourcesBuildPhase;
			buildActionMask = 2147483647;
			files = (
				4F6CDC662614B75A00F3D80E /* ShareViewController.m in Sources */,
			);
			runOnlyForDeploymentPostprocessing = 0;
		};
		F3DCEB482612131B00980044 /* Sources */ = {
			isa = PBXSourcesBuildPhase;
			buildActionMask = 2147483647;
			files = (
				F3DCEB6D26121B1E00980044 /* VideoInfoService.m in Sources */,
				4F5B60802614EC37001F482A /* MainResultIem.m in Sources */,
				F3DCEB512612131B00980044 /* AppDelegate.m in Sources */,
				4F5B607C2614DDAA001F482A /* MainViewModel.m in Sources */,
				F3DCEB622612131C00980044 /* main.m in Sources */,
				F3DCEB542612131B00980044 /* SceneDelegate.m in Sources */,
				F3DCEB7326122CEE00980044 /* UIViewController+Category.m in Sources */,
				F3DCEB6A2612175B00980044 /* MainViewController.m in Sources */,
			);
			runOnlyForDeploymentPostprocessing = 0;
		};
/* End PBXSourcesBuildPhase section */

/* Begin PBXTargetDependency section */
		4F6CDC6C2614B75A00F3D80E /* PBXTargetDependency */ = {
			isa = PBXTargetDependency;
			target = 4F6CDC612614B75A00F3D80E /* YTPIPHelperShareExtension */;
			targetProxy = 4F6CDC6B2614B75A00F3D80E /* PBXContainerItemProxy */;
		};
/* End PBXTargetDependency section */

/* Begin XCBuildConfiguration section */
		4F6CDC6F2614B75A00F3D80E /* Debug */ = {
			isa = XCBuildConfiguration;
			buildSettings = {
				CLANG_ENABLE_OBJC_ARC = NO;
				CODE_SIGN_STYLE = Automatic;
				DEVELOPMENT_TEAM = P53D29U9LJ;
				INFOPLIST_FILE = YTPIPHelperShareExtension/Info.plist;
				IPHONEOS_DEPLOYMENT_TARGET = 14.0;
				LD_RUNPATH_SEARCH_PATHS = (
					"$(inherited)",
					"@executable_path/Frameworks",
					"@executable_path/../../Frameworks",
				);
				PRODUCT_BUNDLE_IDENTIFIER = com.pookjw.YTPIPHelper.YTPIPHelperShareExtension;
				PRODUCT_NAME = "$(TARGET_NAME)";
				SKIP_INSTALL = YES;
				TARGETED_DEVICE_FAMILY = "1,2";
			};
			name = Debug;
		};
		4F6CDC702614B75A00F3D80E /* Release */ = {
			isa = XCBuildConfiguration;
			buildSettings = {
				CLANG_ENABLE_OBJC_ARC = NO;
				CODE_SIGN_STYLE = Automatic;
				DEVELOPMENT_TEAM = P53D29U9LJ;
				INFOPLIST_FILE = YTPIPHelperShareExtension/Info.plist;
				IPHONEOS_DEPLOYMENT_TARGET = 14.0;
				LD_RUNPATH_SEARCH_PATHS = (
					"$(inherited)",
					"@executable_path/Frameworks",
					"@executable_path/../../Frameworks",
				);
				PRODUCT_BUNDLE_IDENTIFIER = com.pookjw.YTPIPHelper.YTPIPHelperShareExtension;
				PRODUCT_NAME = "$(TARGET_NAME)";
				SKIP_INSTALL = YES;
				TARGETED_DEVICE_FAMILY = "1,2";
			};
			name = Release;
		};
		F3DCEB632612131C00980044 /* Debug */ = {
			isa = XCBuildConfiguration;
			buildSettings = {
				ALWAYS_SEARCH_USER_PATHS = NO;
				CLANG_ANALYZER_NONNULL = YES;
				CLANG_ANALYZER_NUMBER_OBJECT_CONVERSION = YES_AGGRESSIVE;
				CLANG_CXX_LANGUAGE_STANDARD = "gnu++14";
				CLANG_CXX_LIBRARY = "libc++";
				CLANG_ENABLE_MODULES = YES;
				CLANG_ENABLE_OBJC_ARC = NO;
				CLANG_ENABLE_OBJC_WEAK = YES;
				CLANG_WARN_BLOCK_CAPTURE_AUTORELEASING = YES;
				CLANG_WARN_BOOL_CONVERSION = YES;
				CLANG_WARN_COMMA = YES;
				CLANG_WARN_CONSTANT_CONVERSION = YES;
				CLANG_WARN_DEPRECATED_OBJC_IMPLEMENTATIONS = YES;
				CLANG_WARN_DIRECT_OBJC_ISA_USAGE = YES_ERROR;
				CLANG_WARN_DOCUMENTATION_COMMENTS = YES;
				CLANG_WARN_EMPTY_BODY = YES;
				CLANG_WARN_ENUM_CONVERSION = YES;
				CLANG_WARN_INFINITE_RECURSION = YES;
				CLANG_WARN_INT_CONVERSION = YES;
				CLANG_WARN_NON_LITERAL_NULL_CONVERSION = YES;
				CLANG_WARN_OBJC_IMPLICIT_RETAIN_SELF = YES;
				CLANG_WARN_OBJC_LITERAL_CONVERSION = YES;
				CLANG_WARN_OBJC_ROOT_CLASS = YES_ERROR;
				CLANG_WARN_QUOTED_INCLUDE_IN_FRAMEWORK_HEADER = YES;
				CLANG_WARN_RANGE_LOOP_ANALYSIS = YES;
				CLANG_WARN_STRICT_PROTOTYPES = YES;
				CLANG_WARN_SUSPICIOUS_MOVE = YES;
				CLANG_WARN_UNGUARDED_AVAILABILITY = YES_AGGRESSIVE;
				CLANG_WARN_UNREACHABLE_CODE = YES;
				CLANG_WARN__DUPLICATE_METHOD_MATCH = YES;
				COPY_PHASE_STRIP = NO;
				DEBUG_INFORMATION_FORMAT = dwarf;
				ENABLE_STRICT_OBJC_MSGSEND = YES;
				ENABLE_TESTABILITY = YES;
				GCC_C_LANGUAGE_STANDARD = gnu11;
				GCC_DYNAMIC_NO_PIC = NO;
				GCC_NO_COMMON_BLOCKS = YES;
				GCC_OPTIMIZATION_LEVEL = 0;
				GCC_PREPROCESSOR_DEFINITIONS = (
					"DEBUG=1",
					"$(inherited)",
				);
				GCC_WARN_64_TO_32_BIT_CONVERSION = YES;
				GCC_WARN_ABOUT_RETURN_TYPE = YES_ERROR;
				GCC_WARN_UNDECLARED_SELECTOR = YES;
				GCC_WARN_UNINITIALIZED_AUTOS = YES_AGGRESSIVE;
				GCC_WARN_UNUSED_FUNCTION = YES;
				GCC_WARN_UNUSED_VARIABLE = YES;
				IPHONEOS_DEPLOYMENT_TARGET = 14.5;
				MTL_ENABLE_DEBUG_INFO = INCLUDE_SOURCE;
				MTL_FAST_MATH = YES;
				ONLY_ACTIVE_ARCH = YES;
				SDKROOT = iphoneos;
			};
			name = Debug;
		};
		F3DCEB642612131C00980044 /* Release */ = {
			isa = XCBuildConfiguration;
			buildSettings = {
				ALWAYS_SEARCH_USER_PATHS = NO;
				CLANG_ANALYZER_NONNULL = YES;
				CLANG_ANALYZER_NUMBER_OBJECT_CONVERSION = YES_AGGRESSIVE;
				CLANG_CXX_LANGUAGE_STANDARD = "gnu++14";
				CLANG_CXX_LIBRARY = "libc++";
				CLANG_ENABLE_MODULES = YES;
				CLANG_ENABLE_OBJC_ARC = NO;
				CLANG_ENABLE_OBJC_WEAK = YES;
				CLANG_WARN_BLOCK_CAPTURE_AUTORELEASING = YES;
				CLANG_WARN_BOOL_CONVERSION = YES;
				CLANG_WARN_COMMA = YES;
				CLANG_WARN_CONSTANT_CONVERSION = YES;
				CLANG_WARN_DEPRECATED_OBJC_IMPLEMENTATIONS = YES;
				CLANG_WARN_DIRECT_OBJC_ISA_USAGE = YES_ERROR;
				CLANG_WARN_DOCUMENTATION_COMMENTS = YES;
				CLANG_WARN_EMPTY_BODY = YES;
				CLANG_WARN_ENUM_CONVERSION = YES;
				CLANG_WARN_INFINITE_RECURSION = YES;
				CLANG_WARN_INT_CONVERSION = YES;
				CLANG_WARN_NON_LITERAL_NULL_CONVERSION = YES;
				CLANG_WARN_OBJC_IMPLICIT_RETAIN_SELF = YES;
				CLANG_WARN_OBJC_LITERAL_CONVERSION = YES;
				CLANG_WARN_OBJC_ROOT_CLASS = YES_ERROR;
				CLANG_WARN_QUOTED_INCLUDE_IN_FRAMEWORK_HEADER = YES;
				CLANG_WARN_RANGE_LOOP_ANALYSIS = YES;
				CLANG_WARN_STRICT_PROTOTYPES = YES;
				CLANG_WARN_SUSPICIOUS_MOVE = YES;
				CLANG_WARN_UNGUARDED_AVAILABILITY = YES_AGGRESSIVE;
				CLANG_WARN_UNREACHABLE_CODE = YES;
				CLANG_WARN__DUPLICATE_METHOD_MATCH = YES;
				COPY_PHASE_STRIP = NO;
				DEBUG_INFORMATION_FORMAT = "dwarf-with-dsym";
				ENABLE_NS_ASSERTIONS = NO;
				ENABLE_STRICT_OBJC_MSGSEND = YES;
				GCC_C_LANGUAGE_STANDARD = gnu11;
				GCC_NO_COMMON_BLOCKS = YES;
				GCC_WARN_64_TO_32_BIT_CONVERSION = YES;
				GCC_WARN_ABOUT_RETURN_TYPE = YES_ERROR;
				GCC_WARN_UNDECLARED_SELECTOR = YES;
				GCC_WARN_UNINITIALIZED_AUTOS = YES_AGGRESSIVE;
				GCC_WARN_UNUSED_FUNCTION = YES;
				GCC_WARN_UNUSED_VARIABLE = YES;
				IPHONEOS_DEPLOYMENT_TARGET = 14.5;
				MTL_ENABLE_DEBUG_INFO = NO;
				MTL_FAST_MATH = YES;
				SDKROOT = iphoneos;
				VALIDATE_PRODUCT = YES;
			};
			name = Release;
		};
		F3DCEB662612131C00980044 /* Debug */ = {
			isa = XCBuildConfiguration;
			buildSettings = {
				ASSETCATALOG_COMPILER_APPICON_NAME = AppIcon;
				ASSETCATALOG_COMPILER_GLOBAL_ACCENT_COLOR_NAME = AccentColor;
				CLANG_ENABLE_OBJC_ARC = NO;
				CODE_SIGN_STYLE = Automatic;
				DEVELOPMENT_TEAM = P53D29U9LJ;
				INFOPLIST_FILE = YTPIPHelper/Info.plist;
				IPHONEOS_DEPLOYMENT_TARGET = 14.0;
				LD_RUNPATH_SEARCH_PATHS = (
					"$(inherited)",
					"@executable_path/Frameworks",
				);
				PRODUCT_BUNDLE_IDENTIFIER = com.pookjw.YTPIPHelper;
				PRODUCT_NAME = "$(TARGET_NAME)";
				TARGETED_DEVICE_FAMILY = "1,2";
			};
			name = Debug;
		};
		F3DCEB672612131C00980044 /* Release */ = {
			isa = XCBuildConfiguration;
			buildSettings = {
				ASSETCATALOG_COMPILER_APPICON_NAME = AppIcon;
				ASSETCATALOG_COMPILER_GLOBAL_ACCENT_COLOR_NAME = AccentColor;
				CLANG_ENABLE_OBJC_ARC = NO;
				CODE_SIGN_STYLE = Automatic;
				DEVELOPMENT_TEAM = P53D29U9LJ;
				INFOPLIST_FILE = YTPIPHelper/Info.plist;
				IPHONEOS_DEPLOYMENT_TARGET = 14.0;
				LD_RUNPATH_SEARCH_PATHS = (
					"$(inherited)",
					"@executable_path/Frameworks",
				);
				PRODUCT_BUNDLE_IDENTIFIER = com.pookjw.YTPIPHelper;
				PRODUCT_NAME = "$(TARGET_NAME)";
				TARGETED_DEVICE_FAMILY = "1,2";
			};
			name = Release;
		};
/* End XCBuildConfiguration section */

/* Begin XCConfigurationList section */
		4F6CDC712614B75A00F3D80E /* Build configuration list for PBXNativeTarget "YTPIPHelperShareExtension" */ = {
			isa = XCConfigurationList;
			buildConfigurations = (
				4F6CDC6F2614B75A00F3D80E /* Debug */,
				4F6CDC702614B75A00F3D80E /* Release */,
			);
			defaultConfigurationIsVisible = 0;
			defaultConfigurationName = Release;
		};
		F3DCEB472612131A00980044 /* Build configuration list for PBXProject "YTPIPHelper" */ = {
			isa = XCConfigurationList;
			buildConfigurations = (
				F3DCEB632612131C00980044 /* Debug */,
				F3DCEB642612131C00980044 /* Release */,
			);
			defaultConfigurationIsVisible = 0;
			defaultConfigurationName = Release;
		};
		F3DCEB652612131C00980044 /* Build configuration list for PBXNativeTarget "YTPIPHelper" */ = {
			isa = XCConfigurationList;
			buildConfigurations = (
				F3DCEB662612131C00980044 /* Debug */,
				F3DCEB672612131C00980044 /* Release */,
			);
			defaultConfigurationIsVisible = 0;
			defaultConfigurationName = Release;
		};
/* End XCConfigurationList section */
	};
	rootObject = F3DCEB442612131A00980044 /* Project object */;
}
